version: 1.0
shards:
  crystweet:
    github: akarimcheese/crystweet
    commit: 1fa5ad52e4220b2cea5e6b777d12879e07087da1

  kemal:
    github: kemalcr/kemal
    version: 0.22.0

  kilt:
    github: jeromegn/kilt
    version: 0.4.0

  radix:
    github: luislavena/radix
    version: 0.3.8

  twitter_networks:
    github: akarimcheese/twitter_networks
    commit: a4d6043abdb5cae98342f1fefe3f133be2e4b2b8

